
Microsoft Visual Studio Solution File, Format Version 12.00
# Visual Studio Version 17
VisualStudioVersion = 17.6.33717.318
MinimumVisualStudioVersion = 10.0.40219.1
Project("{FAE04EC0-301F-11D3-BF4B-00C04F79EFBC}") = "testrun2", "testrun2.csproj", "{6C65D20C-0DAC-4947-BCBA-503C02155B12}"
EndProject
Global
	GlobalSection(SolutionConfigurationPlatforms) = preSolution
		Debug|Any CPU = Debug|Any CPU
		Release|Any CPU = Release|Any CPU
	EndGlobalSection
	GlobalSection(ProjectConfigurationPlatforms) = postSolution
		{6C65D20C-0DAC-4947-BCBA-503C02155B12}.Debug|Any CPU.ActiveCfg = Debug|Any CPU
		{6C65D20C-0DAC-4947-BCBA-503C02155B12}.Debug|Any CPU.Build.0 = Debug|Any CPU
		{6C65D20C-0DAC-4947-BCBA-503C02155B12}.Release|Any CPU.ActiveCfg = Release|Any CPU
		{6C65D20C-0DAC-4947-BCBA-503C02155B12}.Release|Any CPU.Build.0 = Release|Any CPU
	EndGlobalSection
	GlobalSection(SolutionProperties) = preSolution
		HideSolutionNode = FALSE
	EndGlobalSection
	GlobalSection(ExtensibilityGlobals) = postSolution
		SolutionGuid = {895BCBA6-23E5-4D64-99CF-A66B288D2808}
	EndGlobalSection
EndGlobal
